{
  "name": "vue-amsterdam-example",
  "version": "1.0.0",
  "lockfileVersion": 1,
  "requires": true,
  "dependencies": {
    "@vue/test-utils": {
      "version": "1.0.0-beta.11",
      "resolved": "https://registry.npmjs.org/@vue/test-utils/-/test-utils-1.0.0-beta.11.tgz",
      "integrity": "sha512-Co8lFJGMRB8yegK3whMlasg9QLeb7zKYjaTyaM4AkKxAwXN0SSYW4NZFOhGVNcnjvRx8KWFfStKM5HQleu3Psw==",
      "dev": true,
      "requires": {
        "lodash": "4.17.5"
      }
    },
    "bulma": {
      "version": "0.6.2",
      "resolved": "https://registry.npmjs.org/bulma/-/bulma-0.6.2.tgz",
      "integrity": "sha1-9LHRHVrMUaeWROsKKwsQZJ09cfU="
    },
    "lodash": {
      "version": "4.17.5",
      "resolved": "https://registry.npmjs.org/lodash/-/lodash-4.17.5.tgz",
      "integrity": "sha512-svL3uiZf1RwhH+cWrfZn3A4+U58wbP0tGVTLQPbjplZxZ8ROD9VLuNgsRniTlLe7OlSqR79RUehXgpBW/s0IQw==",
      "dev": true
    }
  }
}
